Microsoft Visual Studio Solution File, Format Version 12.00
# Visual Studio Version 17
VisualStudioVersion = 17.5.2.0
MinimumVisualStudioVersion = 10.0.40219.1
Project("{FAE04EC0-301F-11D3-BF4B-00C04F79EFBC}") = "SimpleRegistration", "SimpleRegistration.csproj", "{1DBF3EDA-1CF8-9EA4-288B-1A8393709740}"
EndProject
Global
	GlobalSection(SolutionConfigurationPlatforms) = preSolution
		Debug|Any CPU = Debug|Any CPU
		Release|Any CPU = Release|Any CPU
	EndGlobalSection
	GlobalSection(ProjectConfigurationPlatforms) = postSolution
		{1DBF3EDA-1CF8-9EA4-288B-1A8393709740}.Debug|Any CPU.ActiveCfg = Debug|Any CPU
		{1DBF3EDA-1CF8-9EA4-288B-1A8393709740}.Debug|Any CPU.Build.0 = Debug|Any CPU
		{1DBF3EDA-1CF8-9EA4-288B-1A8393709740}.Release|Any CPU.ActiveCfg = Release|Any CPU
		{1DBF3EDA-1CF8-9EA4-288B-1A8393709740}.Release|Any CPU.Build.0 = Release|Any CPU
	EndGlobalSection
	GlobalSection(SolutionProperties) = preSolution
		HideSolutionNode = FALSE
	EndGlobalSection
	GlobalSection(ExtensibilityGlobals) = postSolution
		SolutionGuid = {A6D38EA0-D4F6-44D2-B051-CD4EB7D763A5}
	EndGlobalSection
EndGlobal
